// !$*UTF8*$!
{
	archiveVersion = 1;
	classes = {
	};
	objectVersion = 46;
	objects = {

/* Begin PBXBuildFile section */
		A0D222F91E38217000303536 /* AppDelegate.swift in Sources */ = {isa = PBXBuildFile; fileRef = A0D222F81E38217000303536 /* AppDelegate.swift */; };
		A0D222FB1E38217000303536 /* ViewController.swift in Sources */ = {isa = PBXBuildFile; fileRef = A0D222FA1E38217000303536 /* ViewController.swift */; };
		A0D222FE1E38217000303536 /* Main.storyboard in Resources */ = {isa = PBXBuildFile; fileRef = A0D222FC1E38217000303536 /* Main.storyboard */; };
		A0D223001E38217000303536 /* Assets.xcassets in Resources */ = {isa = PBXBuildFile; fileRef = A0D222FF1E38217000303536 /* Assets.xcassets */; };
		A0D223031E38217000303536 /* LaunchScreen.storyboard in Resources */ = {isa = PBXBuildFile; fileRef = A0D223011E38217000303536 /* LaunchScreen.storyboard */; };
		A0D2230E1E38217000303536 /* Lesson3Tests.swift in Sources */ = {isa = PBXBuildFile; fileRef = A0D2230D1E38217000303536 /* Lesson3Tests.swift */; };
/* End PBXBuildFile section */

/* Begin PBXContainerItemProxy section */
		A0D2230A1E38217000303536 /* PBXContainerItemProxy */ = {
			isa = PBXContainerItemProxy;
			containerPortal = A0D222ED1E38216F00303536 /* Project object */;
			proxyType = 1;
			remoteGlobalIDString = A0D222F41E38217000303536;
			remoteInfo = Lesson3;
		};
/* End PBXContainerItemProxy section */

/* Begin PBXFileReference section */
		A0D222F51E38217000303536 /* Lesson3.app */ = {isa = PBXFileReference; explicitFileType = wrapper.application; includeInIndex = 0; path = Lesson3.app; sourceTree = BUILT_PRODUCTS_DIR; };
		A0D222F81E38217000303536 /* AppDelegate.swift */ = {isa = PBXFileReference; lastKnownFileType = sourcecode.swift; path = AppDelegate.swift; sourceTree = "<group>"; };
		A0D222FA1E38217000303536 /* ViewController.swift */ = {isa = PBXFileReference; lastKnownFileType = sourcecode.swift; path = ViewController.swift; sourceTree = "<group>"; };
		A0D222FD1E38217000303536 /* Base */ = {isa = PBXFileReference; lastKnownFileType = file.storyboard; name = Base; path = Base.lproj/Main.storyboard; sourceTree = "<group>"; };
		A0D222FF1E38217000303536 /* Assets.xcassets */ = {isa = PBXFileReference; lastKnownFileType = folder.assetcatalog; path = Assets.xcassets; sourceTree = "<group>"; };
		A0D223021E38217000303536 /* Base */ = {isa = PBXFileReference; lastKnownFileType = file.storyboard; name = Base; path = Base.lproj/LaunchScreen.storyboard; sourceTree = "<group>"; };
		A0D223041E38217000303536 /* Info.plist */ = {isa = PBXFileReference; lastKnownFileType = text.plist.xml; path = Info.plist; sourceTree = "<group>"; };
		A0D223091E38217000303536 /* Lesson3Tests.xctest */ = {isa = PBXFileReference; explicitFileType = wrapper.cfbundle; includeInIndex = 0; path = Lesson3Tests.xctest; sourceTree = BUILT_PRODUCTS_DIR; };
		A0D2230D1E38217000303536 /* Lesson3Tests.swift */ = {isa = PBXFileReference; lastKnownFileType = sourcecode.swift; path = Lesson3Tests.swift; sourceTree = "<group>"; };
		A0D2230F1E38217000303536 /* Info.plist */ = {isa = PBXFileReference; lastKnownFileType = text.plist.xml; path = Info.plist; sourceTree = "<group>"; };
/* End PBXFileReference section */

/* Begin PBXFrameworksBuildPhase section */
		A0D222F21E38217000303536 /* Frameworks */ = {
			isa = PBXFrameworksBuildPhase;
			buildActionMask = 2147483647;
			files = (
			);
			runOnlyForDeploymentPostprocessing = 0;
		};
		A0D223061E38217000303536 /* Frameworks */ = {
			isa = PBXFrameworksBuildPhase;
			buildActionMask = 2147483647;
			files = (
			);
			runOnlyForDeploymentPostprocessing = 0;
		};
/* End PBXFrameworksBuildPhase section */

/* Begin PBXGroup section */
		A0D222EC1E38216F00303536 = {
			isa = PBXGroup;
			children = (
				A0D222F71E38217000303536 /* Lesson3 */,
				A0D2230C1E38217000303536 /* Lesson3Tests */,
				A0D222F61E38217000303536 /* Products */,
			);
			sourceTree = "<group>";
		};
		A0D222F61E38217000303536 /* Products */ = {
			isa = PBXGroup;
			children = (
				A0D222F51E38217000303536 /* Lesson3.app */,
				A0D223091E38217000303536 /* Lesson3Tests.xctest */,
			);
			name = Products;
			sourceTree = "<group>";
		};
		A0D222F71E38217000303536 /* Lesson3 */ = {
			isa = PBXGroup;
			children = (
				A0D222F81E38217000303536 /* AppDelegate.swift */,
				A0D222FA1E38217000303536 /* ViewController.swift */,
				A0D222FC1E38217000303536 /* Main.storyboard */,
				A0D222FF1E38217000303536 /* Assets.xcassets */,
				A0D223011E38217000303536 /* LaunchScreen.storyboard */,
				A0D223041E38217000303536 /* Info.plist */,
			);
			path = Lesson3;
			sourceTree = "<group>";
		};
		A0D2230C1E38217000303536 /* Lesson3Tests */ = {
			isa = PBXGroup;
			children = (
				A0D2230D1E38217000303536 /* Lesson3Tests.swift */,
				A0D2230F1E38217000303536 /* Info.plist */,
			);
			path = Lesson3Tests;
			sourceTree = "<group>";
		};
/* End PBXGroup section */

/* Begin PBXNativeTarget section */
		A0D222F41E38217000303536 /* Lesson3 */ = {
			isa = PBXNativeTarget;
			buildConfigurationList = A0D223121E38217000303536 /* Build configuration list for PBXNativeTarget "Lesson3" */;
			buildPhases = (
				A0D222F11E38217000303536 /* Sources */,
				A0D222F21E38217000303536 /* Frameworks */,
				A0D222F31E38217000303536 /* Resources */,
			);
			buildRules = (
			);
			dependencies = (
			);
			name = Lesson3;
			productName = Lesson3;
			productReference = A0D222F51E38217000303536 /* Lesson3.app */;
			productType = "com.apple.product-type.application";
		};
		A0D223081E38217000303536 /* Lesson3Tests */ = {
			isa = PBXNativeTarget;
			buildConfigurationList = A0D223151E38217000303536 /* Build configuration list for PBXNativeTarget "Lesson3Tests" */;
			buildPhases = (
				A0D223051E38217000303536 /* Sources */,
				A0D223061E38217000303536 /* Frameworks */,
				A0D223071E38217000303536 /* Resources */,
			);
			buildRules = (
			);
			dependencies = (
				A0D2230B1E38217000303536 /* PBXTargetDependency */,
			);
			name = Lesson3Tests;
			productName = Lesson3Tests;
			productReference = A0D223091E38217000303536 /* Lesson3Tests.xctest */;
			productType = "com.apple.product-type.bundle.unit-test";
		};
/* End PBXNativeTarget section */

/* Begin PBXProject section */
		A0D222ED1E38216F00303536 /* Project object */ = {
			isa = PBXProject;
			attributes = {
				LastSwiftUpdateCheck = 0820;
				LastUpgradeCheck = 0820;
				ORGANIZATIONNAME = luis;
				TargetAttributes = {
					A0D222F41E38217000303536 = {
						CreatedOnToolsVersion = 8.2.1;
						DevelopmentTeam = 4Z42C6E4Z4;
						ProvisioningStyle = Automatic;
					};
					A0D223081E38217000303536 = {
						CreatedOnToolsVersion = 8.2.1;
						DevelopmentTeam = 4Z42C6E4Z4;
						ProvisioningStyle = Automatic;
						TestTargetID = A0D222F41E38217000303536;
					};
				};
			};
			buildConfigurationList = A0D222F01E38216F00303536 /* Build configuration list for PBXProject "Lesson3" */;
			compatibilityVersion = "Xcode 3.2";
			developmentRegion = English;
			hasScannedForEncodings = 0;
			knownRegions = (
				en,
				Base,
			);
			mainGroup = A0D222EC1E38216F00303536;
			productRefGroup = A0D222F61E38217000303536 /* Products */;
			projectDirPath = "";
			projectRoot = "";
			targets = (
				A0D222F41E38217000303536 /* Lesson3 */,
				A0D223081E38217000303536 /* Lesson3Tests */,
			);
		};
/* End PBXProject section */

/* Begin PBXResourcesBuildPhase section */
		A0D222F31E38217000303536 /* Resources */ = {
			isa = PBXResourcesBuildPhase;
			buildActionMask = 2147483647;
			files = (
				A0D223031E38217000303536 /* LaunchScreen.storyboard in Resources */,
				A0D223001E38217000303536 /* Assets.xcassets in Resources */,
				A0D222FE1E38217000303536 /* Main.storyboard in Resources */,
			);
			runOnlyForDeploymentPostprocessing = 0;
		};
		A0D223071E38217000303536 /* Resources */ = {
			isa = PBXResourcesBuildPhase;
			buildActionMask = 2147483647;
			files = (
			);
			runOnlyForDeploymentPostprocessing = 0;
		};
/* End PBXResourcesBuildPhase section */

/* Begin PBXSourcesBuildPhase section */
		A0D222F11E38217000303536 /* Sources */ = {
			isa = PBXSourcesBuildPhase;
			buildActionMask = 2147483647;
			files = (
				A0D222FB1E38217000303536 /* ViewController.swift in Sources */,
				A0D222F91E38217000303536 /* AppDelegate.swift in Sources */,
			);
			runOnlyForDeploymentPostprocessing = 0;
		};
		A0D223051E38217000303536 /* Sources */ = {
			isa = PBXSourcesBuildPhase;
			buildActionMask = 2147483647;
			files = (
				A0D2230E1E38217000303536 /* Lesson3Tests.swift in Sources */,
			);
			runOnlyForDeploymentPostprocessing = 0;
		};
/* End PBXSourcesBuildPhase section */

/* Begin PBXTargetDependency section */
		A0D2230B1E38217000303536 /* PBXTargetDependency */ = {
			isa = PBXTargetDependency;
			target = A0D222F41E38217000303536 /* Lesson3 */;
			targetProxy = A0D2230A1E38217000303536 /* PBXContainerItemProxy */;
		};
/* End PBXTargetDependency section */

/* Begin PBXVariantGroup section */
		A0D222FC1E38217000303536 /* Main.storyboard */ = {
			isa = PBXVariantGroup;
			children = (
				A0D222FD1E38217000303536 /* Base */,
			);
			name = Main.storyboard;
			sourceTree = "<group>";
		};
		A0D223011E38217000303536 /* LaunchScreen.storyboard */ = {
			isa = PBXVariantGroup;
			children = (
				A0D223021E38217000303536 /* Base */,
			);
			name = LaunchScreen.storyboard;
			sourceTree = "<group>";
		};
/* End PBXVariantGroup section */

/* Begin XCBuildConfiguration section */
		A0D223101E38217000303536 /* Debug */ = {
			isa = XCBuildConfiguration;
			buildSettings = {
				ALWAYS_SEARCH_USER_PATHS = NO;
				CLANG_ANALYZER_NONNULL = YES;
				CLANG_CXX_LANGUAGE_STANDARD = "gnu++0x";
				CLANG_CXX_LIBRARY = "libc++";
				CLANG_ENABLE_MODULES = YES;
				CLANG_ENABLE_OBJC_ARC = YES;
				CLANG_WARN_BOOL_CONVERSION = YES;
				CLANG_WARN_CONSTANT_CONVERSION = YES;
				CLANG_WARN_DIRECT_OBJC_ISA_USAGE = YES_ERROR;
				CLANG_WARN_DOCUMENTATION_COMMENTS = YES;
				CLANG_WARN_EMPTY_BODY = YES;
				CLANG_WARN_ENUM_CONVERSION = YES;
				CLANG_WARN_INFINITE_RECURSION = YES;
				CLANG_WARN_INT_CONVERSION = YES;
				CLANG_WARN_OBJC_ROOT_CLASS = YES_ERROR;
				CLANG_WARN_SUSPICIOUS_MOVE = YES;
				CLANG_WARN_UNREACHABLE_CODE = YES;
				CLANG_WARN__DUPLICATE_METHOD_MATCH = YES;
				"CODE_SIGN_IDENTITY[sdk=iphoneos*]" = "iPhone Developer";
				COPY_PHASE_STRIP = NO;
				DEBUG_INFORMATION_FORMAT = dwarf;
				ENABLE_STRICT_OBJC_MSGSEND = YES;
				ENABLE_TESTABILITY = YES;
				GCC_C_LANGUAGE_STANDARD = gnu99;
				GCC_DYNAMIC_NO_PIC = NO;
				GCC_NO_COMMON_BLOCKS = YES;
				GCC_OPTIMIZATION_LEVEL = 0;
				GCC_PREPROCESSOR_DEFINITIONS = (
					"DEBUG=1",
					"$(inherited)",
				);
				GCC_WARN_64_TO_32_BIT_CONVERSION = YES;
				GCC_WARN_ABOUT_RETURN_TYPE = YES_ERROR;
				GCC_WARN_UNDECLARED_SELECTOR = YES;
				GCC_WARN_UNINITIALIZED_AUTOS = YES_AGGRESSIVE;
				GCC_WARN_UNUSED_FUNCTION = YES;
				GCC_WARN_UNUSED_VARIABLE = YES;
				IPHONEOS_DEPLOYMENT_TARGET = 10.2;
				MTL_ENABLE_DEBUG_INFO = YES;
				ONLY_ACTIVE_ARCH = YES;
				SDKROOT = iphoneos;
				SWIFT_ACTIVE_COMPILATION_CONDITIONS = DEBUG;
				SWIFT_OPTIMIZATION_LEVEL = "-Onone";
				TARGETED_DEVICE_FAMILY = "1,2";
			};
			name = Debug;
		};
		A0D223111E38217000303536 /* Release */ = {
			isa = XCBuildConfiguration;
			buildSettings = {
				ALWAYS_SEARCH_USER_PATHS = NO;
				CLANG_ANALYZER_NONNULL = YES;
				CLANG_CXX_LANGUAGE_STANDARD = "gnu++0x";
				CLANG_CXX_LIBRARY = "libc++";
				CLANG_ENABLE_MODULES = YES;
				CLANG_ENABLE_OBJC_ARC = YES;
				CLANG_WARN_BOOL_CONVERSION = YES;
				CLANG_WARN_CONSTANT_CONVERSION = YES;
				CLANG_WARN_DIRECT_OBJC_ISA_USAGE = YES_ERROR;
				CLANG_WARN_DOCUMENTATION_COMMENTS = YES;
				CLANG_WARN_EMPTY_BODY = YES;
				CLANG_WARN_ENUM_CONVERSION = YES;
				CLANG_WARN_INFINITE_RECURSION = YES;
				CLANG_WARN_INT_CONVERSION = YES;
				CLANG_WARN_OBJC_ROOT_CLASS = YES_ERROR;
				CLANG_WARN_SUSPICIOUS_MOVE = YES;
				CLANG_WARN_UNREACHABLE_CODE = YES;
				CLANG_WARN__DUPLICATE_METHOD_MATCH = YES;
				"CODE_SIGN_IDENTITY[sdk=iphoneos*]" = "iPhone Developer";
				COPY_PHASE_STRIP = NO;
				DEBUG_INFORMATION_FORMAT = "dwarf-with-dsym";
				ENABLE_NS_ASSERTIONS = NO;
				ENABLE_STRICT_OBJC_MSGSEND = YES;
				GCC_C_LANGUAGE_STANDARD = gnu99;
				GCC_NO_COMMON_BLOCKS = YES;
				GCC_WARN_64_TO_32_BIT_CONVERSION = YES;
				GCC_WARN_ABOUT_RETURN_TYPE = YES_ERROR;
				GCC_WARN_UNDECLARED_SELECTOR = YES;
				GCC_WARN_UNINITIALIZED_AUTOS = YES_AGGRESSIVE;
				GCC_WARN_UNUSED_FUNCTION = YES;
				GCC_WARN_UNUSED_VARIABLE = YES;
				IPHONEOS_DEPLOYMENT_TARGET = 10.2;
				MTL_ENABLE_DEBUG_INFO = NO;
				SDKROOT = iphoneos;
				SWIFT_OPTIMIZATION_LEVEL = "-Owholemodule";
				TARGETED_DEVICE_FAMILY = "1,2";
				VALIDATE_PRODUCT = YES;
			};
			name = Release;
		};
		A0D223131E38217000303536 /* Debug */ = {
			isa = XCBuildConfiguration;
			buildSettings = {
				ASSETCATALOG_COMPILER_APPICON_NAME = AppIcon;
				DEVELOPMENT_TEAM = 4Z42C6E4Z4;
				INFOPLIST_FILE = Lesson3/Info.plist;
				LD_RUNPATH_SEARCH_PATHS = "$(inherited) @executable_path/Frameworks";
				PRODUCT_BUNDLE_IDENTIFIER = luisesquivel.com.Lesson3;
				PRODUCT_NAME = "$(TARGET_NAME)";
				SWIFT_VERSION = 3.0;
			};
			name = Debug;
		};
		A0D223141E38217000303536 /* Release */ = {
			isa = XCBuildConfiguration;
			buildSettings = {
				ASSETCATALOG_COMPILER_APPICON_NAME = AppIcon;
				DEVELOPMENT_TEAM = 4Z42C6E4Z4;
				INFOPLIST_FILE = Lesson3/Info.plist;
				LD_RUNPATH_SEARCH_PATHS = "$(inherited) @executable_path/Frameworks";
				PRODUCT_BUNDLE_IDENTIFIER = luisesquivel.com.Lesson3;
				PRODUCT_NAME = "$(TARGET_NAME)";
				SWIFT_VERSION = 3.0;
			};
			name = Release;
		};
		A0D223161E38217000303536 /* Debug */ = {
			isa = XCBuildConfiguration;
			buildSettings = {
				ALWAYS_EMBED_SWIFT_STANDARD_LIBRARIES = YES;
				BUNDLE_LOADER = "$(TEST_HOST)";
				DEVELOPMENT_TEAM = 4Z42C6E4Z4;
				INFOPLIST_FILE = Lesson3Tests/Info.plist;
				LD_RUNPATH_SEARCH_PATHS = "$(inherited) @executable_path/Frameworks @loader_path/Frameworks";
				PRODUCT_BUNDLE_IDENTIFIER = luisesquivel.com.Lesson3Tests;
				PRODUCT_NAME = "$(TARGET_NAME)";
				SWIFT_VERSION = 3.0;
				TEST_HOST = "$(BUILT_PRODUCTS_DIR)/Lesson3.app/Lesson3";
			};
			name = Debug;
		};
		A0D223171E38217000303536 /* Release */ = {
			isa = XCBuildConfiguration;
			buildSettings = {
				ALWAYS_EMBED_SWIFT_STANDARD_LIBRARIES = YES;
				BUNDLE_LOADER = "$(TEST_HOST)";
				DEVELOPMENT_TEAM = 4Z42C6E4Z4;
				INFOPLIST_FILE = Lesson3Tests/Info.plist;
				LD_RUNPATH_SEARCH_PATHS = "$(inherited) @executable_path/Frameworks @loader_path/Frameworks";
				PRODUCT_BUNDLE_IDENTIFIER = luisesquivel.com.Lesson3Tests;
				PRODUCT_NAME = "$(TARGET_NAME)";
				SWIFT_VERSION = 3.0;
				TEST_HOST = "$(BUILT_PRODUCTS_DIR)/Lesson3.app/Lesson3";
			};
			name = Release;
		};
/* End XCBuildConfiguration section */

/* Begin XCConfigurationList section */
		A0D222F01E38216F00303536 /* Build configuration list for PBXProject "Lesson3" */ = {
			isa = XCConfigurationList;
			buildConfigurations = (
				A0D223101E38217000303536 /* Debug */,
				A0D223111E38217000303536 /* Release */,
			);
			defaultConfigurationIsVisible = 0;
			defaultConfigurationName = Release;
		};
		A0D223121E38217000303536 /* Build configuration list for PBXNativeTarget "Lesson3" */ = {
			isa = XCConfigurationList;
			buildConfigurations = (
				A0D223131E38217000303536 /* Debug */,
				A0D223141E38217000303536 /* Release */,
			);
			defaultConfigurationIsVisible = 0;
		};
		A0D223151E38217000303536 /* Build configuration list for PBXNativeTarget "Lesson3Tests" */ = {
			isa = XCConfigurationList;
			buildConfigurations = (
				A0D223161E38217000303536 /* Debug */,
				A0D223171E38217000303536 /* Release */,
			);
			defaultConfigurationIsVisible = 0;
		};
/* End XCConfigurationList section */
	};
	rootObject = A0D222ED1E38216F00303536 /* Project object */;
}
